#MicroXplorer Configuration settings - do not modify
CAD.formats=
CAD.pinconfig=
CAD.provider=
Dma.Request0=USART1_RX
Dma.Request1=USART1_TX
Dma.Request2=USART2_RX
Dma.Request3=USART2_TX
Dma.RequestsNb=4
Dma.USART1_RX.0.Direction=DMA_PERIPH_TO_MEMORY
Dma.USART1_RX.0.EventEnable=DISABLE
Dma.USART1_RX.0.Instance=DMA1_Channel1
Dma.USART1_RX.0.MemDataAlignment=DMA_MDATAALIGN_BYTE
Dma.USART1_RX.0.MemInc=DMA_MINC_ENABLE
Dma.USART1_RX.0.Mode=DMA_CIRCULAR
Dma.USART1_RX.0.PeriphDataAlignment=DMA_PDATAALIGN_BYTE
Dma.USART1_RX.0.PeriphInc=DMA_PINC_DISABLE
Dma.USART1_RX.0.Polarity=HAL_DMAMUX_REQ_GEN_RISING
Dma.USART1_RX.0.Priority=DMA_PRIORITY_HIGH
Dma.USART1_RX.0.RequestNumber=1
Dma.USART1_RX.0.RequestParameters=Instance,Direction,PeriphInc,MemInc,PeriphDataAlignment,MemDataAlignment,Mode,Priority,SignalID,Polarity,RequestNumber,SyncSignalID,SyncPolarity,SyncEnable,EventEnable,SyncRequestNumber
Dma.USART1_RX.0.SignalID=NONE
Dma.USART1_RX.0.SyncEnable=DISABLE
Dma.USART1_RX.0.SyncPolarity=HAL_DMAMUX_SYNC_NO_EVENT
Dma.USART1_RX.0.SyncRequestNumber=1
Dma.USART1_RX.0.SyncSignalID=NONE
Dma.USART1_TX.1.Direction=DMA_MEMORY_TO_PERIPH
Dma.USART1_TX.1.EventEnable=DISABLE
Dma.USART1_TX.1.Instance=DMA1_Channel2
Dma.USART1_TX.1.MemDataAlignment=DMA_MDATAALIGN_BYTE
Dma.USART1_TX.1.MemInc=DMA_MINC_ENABLE
Dma.USART1_TX.1.Mode=DMA_NORMAL
Dma.USART1_TX.1.PeriphDataAlignment=DMA_PDATAALIGN_BYTE
Dma.USART1_TX.1.PeriphInc=DMA_PINC_DISABLE
Dma.USART1_TX.1.Polarity=HAL_DMAMUX_REQ_GEN_RISING
Dma.USART1_TX.1.Priority=DMA_PRIORITY_MEDIUM
Dma.USART1_TX.1.RequestNumber=1
Dma.USART1_TX.1.RequestParameters=Instance,Direction,PeriphInc,MemInc,PeriphDataAlignment,MemDataAlignment,Mode,Priority,SignalID,Polarity,RequestNumber,SyncSignalID,SyncPolarity,SyncEnable,EventEnable,SyncRequestNumber
Dma.USART1_TX.1.SignalID=NONE
Dma.USART1_TX.1.SyncEnable=DISABLE
Dma.USART1_TX.1.SyncPolarity=HAL_DMAMUX_SYNC_NO_EVENT
Dma.USART1_TX.1.SyncRequestNumber=1
Dma.USART1_TX.1.SyncSignalID=NONE
Dma.USART2_RX.2.Direction=DMA_PERIPH_TO_MEMORY
Dma.USART2_RX.2.EventEnable=DISABLE
Dma.USART2_RX.2.Instance=DMA1_Channel3
Dma.USART2_RX.2.MemDataAlignment=DMA_MDATAALIGN_BYTE
Dma.USART2_RX.2.MemInc=DMA_MINC_ENABLE
Dma.USART2_RX.2.Mode=DMA_CIRCULAR
Dma.USART2_RX.2.PeriphDataAlignment=DMA_PDATAALIGN_BYTE
Dma.USART2_RX.2.PeriphInc=DMA_PINC_DISABLE
Dma.USART2_RX.2.Polarity=HAL_DMAMUX_REQ_GEN_RISING
Dma.USART2_RX.2.Priority=DMA_PRIORITY_HIGH
Dma.USART2_RX.2.RequestNumber=1
Dma.USART2_RX.2.RequestParameters=Instance,Direction,PeriphInc,MemInc,PeriphDataAlignment,MemDataAlignment,Mode,Priority,SignalID,Polarity,RequestNumber,SyncSignalID,SyncPolarity,SyncEnable,EventEnable,SyncRequestNumber
Dma.USART2_RX.2.SignalID=NONE
Dma.USART2_RX.2.SyncEnable=DISABLE
Dma.USART2_RX.2.SyncPolarity=HAL_DMAMUX_SYNC_NO_EVENT
Dma.USART2_RX.2.SyncRequestNumber=1
Dma.USART2_RX.2.SyncSignalID=NONE
Dma.USART2_TX.3.Direction=DMA_MEMORY_TO_PERIPH
Dma.USART2_TX.3.EventEnable=DISABLE
Dma.USART2_TX.3.Instance=DMA1_Channel4
Dma.USART2_TX.3.MemDataAlignment=DMA_MDATAALIGN_BYTE
Dma.USART2_TX.3.MemInc=DMA_MINC_ENABLE
Dma.USART2_TX.3.Mode=DMA_NORMAL
Dma.USART2_TX.3.PeriphDataAlignment=DMA_PDATAALIGN_BYTE
Dma.USART2_TX.3.PeriphInc=DMA_PINC_DISABLE
Dma.USART2_TX.3.Polarity=HAL_DMAMUX_REQ_GEN_RISING
Dma.USART2_TX.3.Priority=DMA_PRIORITY_MEDIUM
Dma.USART2_TX.3.RequestNumber=1
Dma.USART2_TX.3.RequestParameters=Instance,Direction,PeriphInc,MemInc,PeriphDataAlignment,MemDataAlignment,Mode,Priority,SignalID,Polarity,RequestNumber,SyncSignalID,SyncPolarity,SyncEnable,EventEnable,SyncRequestNumber
Dma.USART2_TX.3.SignalID=NONE
Dma.USART2_TX.3.SyncEnable=DISABLE
Dma.USART2_TX.3.SyncPolarity=HAL_DMAMUX_SYNC_NO_EVENT
Dma.USART2_TX.3.SyncRequestNumber=1
Dma.USART2_TX.3.SyncSignalID=NONE
FREERTOS.FootprintOK=true
FREERTOS.IPParameters=Tasks01,configMINIMAL_STACK_SIZE,configTOTAL_HEAP_SIZE,configUSE_MALLOC_FAILED_HOOK,configCHECK_FOR_STACK_OVERFLOW,FootprintOK,Queues01,Mutexes01,configUSE_NEWLIB_REENTRANT
FREERTOS.Mutexes01=ProcessDataMutex,Dynamic,NULL,Available
FREERTOS.Queues01=RxRPi5Queue,16,64,1,Dynamic,NULL,NULL;TxRPi5Queue,8,128,1,Dynamic,NULL,NULL;RxSTM32Queue,16,64,1,Dynamic,NULL,NULL;TxSTM32Queue,8,128,1,Dynamic,NULL,NULL
FREERTOS.Tasks01=defaultTask,8,128,StartDefaultTask,Default,NULL,Dynamic,NULL,NULL;SafetyTask,40,512,StartSafetyTask,Default,NULL,Dynamic,NULL,NULL;ControlTask,32,512,StartControlTask,Default,NULL,Dynamic,NULL,NULL;MotionTask,24,768,StartMotionTask,Default,NULL,Dynamic,NULL,NULL;CommTask,24,1024,StartCommTask,Default,NULL,Dynamic,NULL,NULL;ThermalTask,24,1024,StartThermalTask,Default,NULL,Dynamic,NULL,NULL;DisplayTask,8,1024,StartDisplayTask,Default,NULL,Dynamic,NULL,NULL
FREERTOS.configCHECK_FOR_STACK_OVERFLOW=2
FREERTOS.configMINIMAL_STACK_SIZE=128
FREERTOS.configTOTAL_HEAP_SIZE=65536
FREERTOS.configUSE_MALLOC_FAILED_HOOK=1
FREERTOS.configUSE_NEWLIB_REENTRANT=1
File.Version=6
GPIO.groupedBy=Group By Peripherals
I2C3.IPParameters=Timing
I2C3.Timing=0x10E1A6F2
KeepUserPlacement=false
Mcu.CPN=STM32G474CEU6
Mcu.Family=STM32G4
Mcu.IP0=DMA
Mcu.IP1=FREERTOS
Mcu.IP10=USART1
Mcu.IP11=USART2
Mcu.IP2=I2C3
Mcu.IP3=NVIC
Mcu.IP4=RCC
Mcu.IP5=SPI1
Mcu.IP6=SYS
Mcu.IP7=TIM2
Mcu.IP8=TIM4
Mcu.IP9=TIM7
Mcu.IPNb=12
Mcu.Name=STM32G474C(B-C-E)Ux
Mcu.Package=UFQFPN48
Mcu.Pin0=PA0
Mcu.Pin1=PA2
Mcu.Pin10=PA8
Mcu.Pin11=PA10
Mcu.Pin12=PA13
Mcu.Pin13=PA14
Mcu.Pin14=PC11
Mcu.Pin15=PB6
Mcu.Pin16=PB7
Mcu.Pin17=VP_FREERTOS_VS_CMSIS_V2
Mcu.Pin18=VP_SYS_VS_tim6
Mcu.Pin19=VP_SYS_VS_DBSignals
Mcu.Pin2=PA3
Mcu.Pin20=VP_TIM2_VS_ClockSourceINT
Mcu.Pin21=VP_TIM4_VS_ClockSourceINT
Mcu.Pin22=VP_TIM7_VS_ClockSourceINT
Mcu.Pin3=PA4
Mcu.Pin4=PA5
Mcu.Pin5=PA6
Mcu.Pin6=PA7
Mcu.Pin7=PC4
Mcu.Pin8=PB0
Mcu.Pin9=PB1
Mcu.PinsNb=23
Mcu.ThirdPartyNb=0
Mcu.UserConstants=
Mcu.UserName=STM32G474CEUx
MxCube.Version=6.17.0
MxDb.Version=DB.6.0.170
NVIC.BusFault_IRQn=true\:0\:0\:false\:false\:true\:false\:false\:false\:false
NVIC.DMA1_Channel1_IRQn=true\:5\:0\:true\:false\:true\:true\:false\:true\:true
NVIC.DMA1_Channel2_IRQn=true\:5\:0\:true\:false\:true\:true\:false\:true\:true
NVIC.DMA1_Channel3_IRQn=true\:5\:0\:false\:false\:true\:true\:false\:true\:true
NVIC.DMA1_Channel4_IRQn=true\:5\:0\:false\:false\:true\:true\:false\:true\:true
NVIC.DebugMonitor_IRQn=true\:0\:0\:false\:false\:true\:false\:false\:false\:false
NVIC.EXTI0_IRQn=true\:5\:0\:true\:false\:true\:true\:true\:true\:true
NVIC.EXTI1_IRQn=true\:5\:0\:true\:false\:true\:true\:true\:true\:true
NVIC.ForceEnableDMAVector=true
NVIC.HardFault_IRQn=true\:0\:0\:false\:false\:true\:false\:false\:false\:false
NVIC.MemoryManagement_IRQn=true\:0\:0\:false\:false\:true\:false\:false\:false\:false
NVIC.NonMaskableInt_IRQn=true\:0\:0\:false\:false\:true\:false\:false\:false\:false
NVIC.PendSV_IRQn=true\:15\:0\:false\:false\:false\:true\:false\:false\:false
NVIC.PriorityGroup=NVIC_PRIORITYGROUP_4
NVIC.SVCall_IRQn=true\:0\:0\:false\:false\:false\:false\:false\:false\:false
NVIC.SavedPendsvIrqHandlerGenerated=true
NVIC.SavedSvcallIrqHandlerGenerated=true
NVIC.SavedSystickIrqHandlerGenerated=true
NVIC.SysTick_IRQn=true\:15\:0\:false\:false\:false\:true\:false\:true\:false
NVIC.TIM4_IRQn=true\:5\:0\:false\:false\:true\:true\:true\:true\:true
NVIC.TIM6_DAC_IRQn=true\:15\:0\:false\:false\:true\:false\:false\:true\:true
NVIC.TIM7_DAC_IRQn=true\:5\:0\:false\:false\:true\:true\:true\:true\:true
NVIC.TimeBase=TIM6_DAC_IRQn
NVIC.TimeBaseIP=TIM6
NVIC.USART1_IRQn=true\:5\:0\:true\:false\:true\:true\:false\:true\:true
NVIC.USART2_IRQn=true\:5\:0\:false\:false\:true\:true\:true\:true\:true
NVIC.UsageFault_IRQn=true\:0\:0\:false\:false\:true\:false\:false\:false\:false
PA0.Locked=true
PA0.Signal=S_TIM2_CH1
PA10.Mode=Asynchronous
PA10.Signal=USART1_RX
PA13.Mode=Serial_Wire
PA13.Signal=SYS_JTMS-SWDIO
PA14.Mode=Serial_Wire
PA14.Signal=SYS_JTCK-SWCLK
PA2.Mode=Asynchronous
PA2.Signal=USART2_TX
PA3.Mode=Asynchronous
PA3.Signal=USART2_RX
PA4.GPIOParameters=PinState,GPIO_Label
PA4.GPIO_Label=CS
PA4.Locked=true
PA4.PinState=GPIO_PIN_SET
PA4.Signal=GPIO_Output
PA5.GPIOParameters=GPIO_Speed
PA5.GPIO_Speed=GPIO_SPEED_FREQ_VERY_HIGH
PA5.Mode=Full_Duplex_Master
PA5.Signal=SPI1_SCK
PA6.GPIOParameters=GPIO_Speed
PA6.GPIO_Speed=GPIO_SPEED_FREQ_VERY_HIGH
PA6.Mode=Full_Duplex_Master
PA6.Signal=SPI1_MISO
PA7.GPIOParameters=GPIO_Speed
PA7.GPIO_Speed=GPIO_SPEED_FREQ_VERY_HIGH
PA7.Mode=Full_Duplex_Master
PA7.Signal=SPI1_MOSI
PA8.Mode=I2C
PA8.Signal=I2C3_SCL
PB0.GPIOParameters=GPIO_PuPd,GPIO_Label,GPIO_ModeDefaultEXTI
PB0.GPIO_Label=DRDY
PB0.GPIO_ModeDefaultEXTI=GPIO_MODE_IT_FALLING
PB0.GPIO_PuPd=GPIO_PULLUP
PB0.Locked=true
PB0.Signal=GPXTI0
PB1.GPIOParameters=GPIO_PuPd,GPIO_Label,GPIO_ModeDefaultEXTI
PB1.GPIO_Label=FAULT
PB1.GPIO_ModeDefaultEXTI=GPIO_MODE_IT_FALLING
PB1.GPIO_PuPd=GPIO_PULLUP
PB1.Locked=true
PB1.Signal=GPXTI1
PB6.Locked=true
PB6.Signal=S_TIM4_CH1
PB7.GPIOParameters=GPIO_PuPd,GPIO_Label
PB7.GPIO_Label=SSR
PB7.GPIO_PuPd=GPIO_NOPULL
PB7.Locked=true
PB7.Signal=GPIO_Output
PC11.Mode=I2C
PC11.Signal=I2C3_SDA
PC4.Mode=Asynchronous
PC4.Signal=USART1_TX
PinOutPanel.RotationAngle=0
ProjectManager.AskForMigrate=true
ProjectManager.BackupPrevious=false
ProjectManager.CompilerLinker=GCC
ProjectManager.CompilerOptimize=6
ProjectManager.ComputerToolchain=false
ProjectManager.CoupleFile=false
ProjectManager.CustomerFirmwarePackage=
ProjectManager.DefaultFWLocation=true
ProjectManager.DeletePrevious=true
ProjectManager.DeviceId=STM32G474CEUx
ProjectManager.FirmwarePackage=STM32Cube FW_G4 V1.6.3
ProjectManager.FreePins=false
ProjectManager.FreePinsContext=
ProjectManager.HalAssertFull=false
ProjectManager.HeapSize=0x200
ProjectManager.KeepUserCode=true
ProjectManager.LastFirmware=true
ProjectManager.LibraryCopy=1
ProjectManager.MainLocation=Core/Src
ProjectManager.NoMain=false
ProjectManager.PreviousToolchain=STM32CubeIDE
ProjectManager.ProjectBuild=false
ProjectManager.ProjectFileName=extrusora.ioc
ProjectManager.ProjectName=extrusora
ProjectManager.ProjectStructure=
ProjectManager.RegisterCallBack=
ProjectManager.StackSize=0x400
ProjectManager.TargetToolchain=STM32CubeIDE
ProjectManager.ToolChainLocation=
ProjectManager.UAScriptAfterPath=
ProjectManager.UAScriptBeforePath=
ProjectManager.UnderRoot=true
ProjectManager.functionlistsort=1-SystemClock_Config-RCC-false-HAL-false,2-MX_GPIO_Init-GPIO-false-HAL-true,3-MX_DMA_Init-DMA-false-HAL-true,4-MX_USART1_UART_Init-USART1-false-HAL-true,5-MX_SPI1_Init-SPI1-false-HAL-true,6-MX_TIM2_Init-TIM2-false-HAL-true,7-MX_TIM7_Init-TIM7-false-HAL-true,8-MX_USART2_UART_Init-USART2-false-HAL-true,9-MX_I2C3_Init-I2C3-false-HAL-true,10-MX_TIM4_Init-TIM4-false-HAL-true
RCC.ADC12Freq_Value=170000000
RCC.ADC345Freq_Value=170000000
RCC.AHBFreq_Value=170000000
RCC.APB1CLKDivider=RCC_HCLK_DIV2
RCC.APB1Freq_Value=85000000
RCC.APB1TimFreq_Value=170000000
RCC.APB2Freq_Value=170000000
RCC.APB2TimFreq_Value=170000000
RCC.CRSFreq_Value=48000000
RCC.CortexFreq_Value=170000000
RCC.EXTERNAL_CLOCK_VALUE=12288000
RCC.FCLKCortexFreq_Value=170000000
RCC.FDCANFreq_Value=85000000
RCC.FamilyName=M
RCC.HCLKFreq_Value=170000000
RCC.HRTIM1Freq_Value=170000000
RCC.HSE_VALUE=8000000
RCC.HSI48_VALUE=48000000
RCC.HSI_VALUE=16000000
RCC.I2C1Freq_Value=85000000
RCC.I2C2Freq_Value=85000000
RCC.I2C3Freq_Value=85000000
RCC.I2C4Freq_Value=85000000
RCC.I2SFreq_Value=170000000
RCC.IPParameters=ADC12Freq_Value,ADC345Freq_Value,AHBFreq_Value,APB1CLKDivider,APB1Freq_Value,APB1TimFreq_Value,APB2Freq_Value,APB2TimFreq_Value,CRSFreq_Value,CortexFreq_Value,EXTERNAL_CLOCK_VALUE,FCLKCortexFreq_Value,FDCANFreq_Value,FamilyName,HCLKFreq_Value,HRTIM1Freq_Value,HSE_VALUE,HSI48_VALUE,HSI_VALUE,I2C1Freq_Value,I2C2Freq_Value,I2C3Freq_Value,I2C4Freq_Value,I2SFreq_Value,LPTIM1Freq_Value,LPUART1Freq_Value,LSCOPinFreq_Value,LSE_VALUE,LSI_VALUE,MCO1PinFreq_Value,PLLM,PLLN,PLLPoutputFreq_Value,PLLQoutputFreq_Value,PLLRCLKFreq_Value,PWRFreq_Value,QSPIFreq_Value,RNGFreq_Value,SAI1Freq_Value,SYSCLKFreq_VALUE,SYSCLKSource,UART4Freq_Value,USART1Freq_Value,USART2Freq_Value,USART3Freq_Value,USBFreq_Value,VCOInputFreq_Value,VCOOutputFreq_Value
RCC.LPTIM1Freq_Value=85000000
RCC.LPUART1Freq_Value=85000000
RCC.LSCOPinFreq_Value=32000
RCC.LSE_VALUE=32768
RCC.LSI_VALUE=32000
RCC.MCO1PinFreq_Value=16000000
RCC.PLLM=RCC_PLLM_DIV4
RCC.PLLN=85
RCC.PLLPoutputFreq_Value=170000000
RCC.PLLQoutputFreq_Value=170000000
RCC.PLLRCLKFreq_Value=170000000
RCC.PWRFreq_Value=170000000
RCC.QSPIFreq_Value=170000000
RCC.RNGFreq_Value=170000000
RCC.SAI1Freq_Value=170000000
RCC.SYSCLKFreq_VALUE=170000000
RCC.SYSCLKSource=RCC_SYSCLKSOURCE_PLLCLK
RCC.UART4Freq_Value=85000000
RCC.USART1Freq_Value=170000000
RCC.USART2Freq_Value=85000000
RCC.USART3Freq_Value=85000000
RCC.USBFreq_Value=170000000
RCC.VCOInputFreq_Value=4000000
RCC.VCOOutputFreq_Value=340000000
SH.GPXTI0.0=GPIO_EXTI0
SH.GPXTI0.ConfNb=1
SH.GPXTI1.0=GPIO_EXTI1
SH.GPXTI1.ConfNb=1
SH.S_TIM2_CH1.0=TIM2_CH1,PWM Generation1 CH1
SH.S_TIM2_CH1.ConfNb=1
SH.S_TIM4_CH1.0=TIM4_CH1,Input_Capture1_from_TI1
SH.S_TIM4_CH1.ConfNb=1
SPI1.BaudRatePrescaler=SPI_BAUDRATEPRESCALER_64
SPI1.CLKPhase=SPI_PHASE_2EDGE
SPI1.CalculateBaudRate=2.65625 MBits/s
SPI1.DataSize=SPI_DATASIZE_8BIT
SPI1.Direction=SPI_DIRECTION_2LINES
SPI1.IPParameters=VirtualType,Mode,Direction,CalculateBaudRate,DataSize,BaudRatePrescaler,CLKPhase
SPI1.Mode=SPI_MODE_MASTER
SPI1.VirtualType=VM_MASTER
TIM2.AutoReloadPreload=TIM_AUTORELOAD_PRELOAD_ENABLE
TIM2.Channel-PWM\ Generation1\ CH1=TIM_CHANNEL_1
TIM2.IPParameters=Prescaler,PeriodNoDither,AutoReloadPreload,Channel-PWM Generation1 CH1,PulseNoDither_1
TIM2.PeriodNoDither=9999
TIM2.Prescaler=169
TIM2.PulseNoDither_1=5000
TIM4.Channel-Input_Capture1_from_TI1=TIM_CHANNEL_1
TIM4.ICFilter_CH1=8
TIM4.ICPolarity_CH1=TIM_INPUTCHANNELPOLARITY_FALLING
TIM4.IPParameters=Channel-Input_Capture1_from_TI1,ICPolarity_CH1,ICFilter_CH1,Prescaler
TIM4.Prescaler=169
TIM7.AutoReloadPreload=TIM_AUTORELOAD_PRELOAD_ENABLE
TIM7.IPParameters=Prescaler,PeriodNoDither,AutoReloadPreload
TIM7.PeriodNoDither=99
TIM7.Prescaler=16999
USART1.IPParameters=VirtualMode-Asynchronous
USART1.VirtualMode-Asynchronous=VM_ASYNC
USART2.IPParameters=VirtualMode-Asynchronous
USART2.VirtualMode-Asynchronous=VM_ASYNC
VP_FREERTOS_VS_CMSIS_V2.Mode=CMSIS_V2
VP_FREERTOS_VS_CMSIS_V2.Signal=FREERTOS_VS_CMSIS_V2
VP_SYS_VS_DBSignals.Mode=DisableDeadBatterySignals
VP_SYS_VS_DBSignals.Signal=SYS_VS_DBSignals
VP_SYS_VS_tim6.Mode=TIM6
VP_SYS_VS_tim6.Signal=SYS_VS_tim6
VP_TIM2_VS_ClockSourceINT.Mode=Internal
VP_TIM2_VS_ClockSourceINT.Signal=TIM2_VS_ClockSourceINT
VP_TIM4_VS_ClockSourceINT.Mode=Internal
VP_TIM4_VS_ClockSourceINT.Signal=TIM4_VS_ClockSourceINT
VP_TIM7_VS_ClockSourceINT.Mode=Enable_Timer
VP_TIM7_VS_ClockSourceINT.Signal=TIM7_VS_ClockSourceINT
board=custom
rtos.0.ip=FREERTOS
